// !$*UTF8*$!
{
	archiveVersion = 1;
	classes = {
	};
	objectVersion = 46;
	objects = {

/* Begin PBXBuildFile section */
		02494BF1C8F114FC76C991A0 /* BookingNoteDetailView.swift in Sources */ = {isa = PBXBuildFile; fileRef = 7B2B923C6CB49926944454B3 /* BookingNoteDetailView.swift */; };
		08549799458F4875C21449F2 /* generated_Booking.swift in Sources */ = {isa = PBXBuildFile; fileRef = 442E676FA032B09CF7B62081 /* generated_Booking.swift */; };
		0CCCAFE8A708EF84A77386D3 /* generated_APIRequestFactory.swift in Sources */ = {isa = PBXBuildFile; fileRef = 856DABEC03A984A437FAD1C8 /* generated_APIRequestFactory.swift */; };
		0E3D815BDDF88B9C07AE1170 /* ActivitiesDetailView.swift in Sources */ = {isa = PBXBuildFile; fileRef = EFADAB0A45406E3CA6BCFB1E /* ActivitiesDetailView.swift */; };
		106AE68AF1F79D4DC4375A9E /* AppConfig.swift in Sources */ = {isa = PBXBuildFile; fileRef = D42960B3BFD08A65A348CD07 /* AppConfig.swift */; };
		255FF9AA339F535FC9B5DC2E /* generated_APIClient.swift in Sources */ = {isa = PBXBuildFile; fileRef = 7F55C8E9E3238318AA159EF0 /* generated_APIClient.swift */; };
		2DEB5E87271A96D06F9FC73C /* AuthSession.swift in Sources */ = {isa = PBXBuildFile; fileRef = DCD928CBAEA3BE0A1DE01711 /* AuthSession.swift */; };
		307CD1E586E8AB7C9DEC5956 /* ActivityRowView.swift in Sources */ = {isa = PBXBuildFile; fileRef = BA2098C356B381EE6DCE1A8E /* ActivityRowView.swift */; };
		328698571172ACDCE2474C75 /* LoginView.swift in Sources */ = {isa = PBXBuildFile; fileRef = 118ACEE54FAD2E1979C4424C /* LoginView.swift */; };
		3D8E12F3ADE709EF91704A5A /* SessionStore.swift in Sources */ = {isa = PBXBuildFile; fileRef = B87D25A9D31A8B99EDE4DF8F /* SessionStore.swift */; };
		44176AF3B4BE4FEF4989EA65 /* StartupFailureView.swift in Sources */ = {isa = PBXBuildFile; fileRef = 4A07E6BA48DEEB7F7635602C /* StartupFailureView.swift */; };
		538A249E91C3F017E7B819B1 /* UnauthorizedView.swift in Sources */ = {isa = PBXBuildFile; fileRef = 6AE07327D1A21F81AC322159 /* UnauthorizedView.swift */; };
		5430F8DC34DE63D97085DC9F /* ClientProfile.swift in Sources */ = {isa = PBXBuildFile; fileRef = CBC244BE37E32A061ADFBC1C /* ClientProfile.swift */; };
		549ABDC7F114629D83EDDB6A /* AppShellView.swift in Sources */ = {isa = PBXBuildFile; fileRef = A414DA65B3332D0AB49C7E86 /* AppShellView.swift */; };
		557F375000CCA6888AE962BE /* OfferComponentDetailView.swift in Sources */ = {isa = PBXBuildFile; fileRef = B7A64E1C551A5CE066DDDA7F /* OfferComponentDetailView.swift */; };
		5C5B6EED259E5E146570DBB1 /* BookingsViewModel.swift in Sources */ = {isa = PBXBuildFile; fileRef = FE989EFCF6F6F581EA238CC9 /* BookingsViewModel.swift */; };
		61B5DF91C2A4D7FE3F9E9210 /* generated_Language.swift in Sources */ = {isa = PBXBuildFile; fileRef = F27D65EF0516F4898C379616 /* generated_Language.swift */; };
		6603958E360D102347A6867A /* AuthService.swift in Sources */ = {isa = PBXBuildFile; fileRef = 1C2DC1FBBA6EDAF390240E64 /* AuthService.swift */; };
		67FEFFDC625A5331E624E49C /* RoleService.swift in Sources */ = {isa = PBXBuildFile; fileRef = 9B922EC1018629330152C136 /* RoleService.swift */; };
		6BA203E5D165F627C23C6226 /* APIClient.swift in Sources */ = {isa = PBXBuildFile; fileRef = 095F3E3B66AAE4817155E98B /* APIClient.swift */; };
		6FCF8F6131A406C83CA243C5 /* DashboardView.swift in Sources */ = {isa = PBXBuildFile; fileRef = C829EBCCB0D03310BA0574D5 /* DashboardView.swift */; };
		7020DD518628F08617090847 /* Foundation.framework in Frameworks */ = {isa = PBXBuildFile; fileRef = AB8B878A581684304BFA3F37 /* Foundation.framework */; };
		7193D2F663091AF0B1575764 /* generated_ATPStaff.swift in Sources */ = {isa = PBXBuildFile; fileRef = 11DD6EB426C7AC294B5E9E89 /* generated_ATPStaff.swift */; };
		7C93516D15CCB1A1A6675615 /* BookingSummaryDetailView.swift in Sources */ = {isa = PBXBuildFile; fileRef = 57D58F862A4F5702F12FC433 /* BookingSummaryDetailView.swift */; };
		7F06BCAFCBD188D65D147718 /* generated_Currency.swift in Sources */ = {isa = PBXBuildFile; fileRef = C78786939083D11D03B09F3E /* generated_Currency.swift */; };
		7F3F9A5C9BD4F498C2AB865E /* BookingCustomerDetailView.swift in Sources */ = {isa = PBXBuildFile; fileRef = 40DF40CDA923C249BCAFE077 /* BookingCustomerDetailView.swift */; };
		86DBD0ACA587D9EB0673D360 /* Assets.xcassets in Resources */ = {isa = PBXBuildFile; fileRef = F5EB766110FBCEAC12133678 /* Assets.xcassets */; };
		8D33A05D2CB1A8A9352D1D0D /* UpdateRequiredView.swift in Sources */ = {isa = PBXBuildFile; fileRef = 1138BFF4047D826334BB21EB /* UpdateRequiredView.swift */; };
		9296CFCA7B26330B916CD510 /* RootView.swift in Sources */ = {isa = PBXBuildFile; fileRef = 94EDF06891EA5AB0079FD56D /* RootView.swift */; };
		9571F4E575F4C9B4C92FE327 /* JWTDecoder.swift in Sources */ = {isa = PBXBuildFile; fileRef = F30D5A0B3018D0758E00A7A7 /* JWTDecoder.swift */; };
		971EA804D9CD3726ADFD1A89 /* generated_FormConstraints.swift in Sources */ = {isa = PBXBuildFile; fileRef = C0CB4393CCC538D4E7A66E38 /* generated_FormConstraints.swift */; };
		9799F9CB6D1EBB6EE60E95FA /* generated_APIModels.swift in Sources */ = {isa = PBXBuildFile; fileRef = 7B9F019A09A9EEFEBE2647CE /* generated_APIModels.swift */; };
		9F6737FD292C0B51821BF066 /* AppBootstrapStore.swift in Sources */ = {isa = PBXBuildFile; fileRef = DC36235FCAD3402F0CBDCBE8 /* AppBootstrapStore.swift */; };
		A09F6DFC98F5FD0EDBF0E328 /* AsiaTravelPlanApp.swift in Sources */ = {isa = PBXBuildFile; fileRef = 4261487BA24347403F2D6856 /* AsiaTravelPlanApp.swift */; };
		A3F8A020BF1C85625A3D7EE9 /* TravelGroupsListView.swift in Sources */ = {isa = PBXBuildFile; fileRef = FEA248069789B70F22AB6147 /* TravelGroupsListView.swift */; };
		A63CDCA8D8A178F4E36BACBF /* TokenStore.swift in Sources */ = {isa = PBXBuildFile; fileRef = 50F08C0C624084E00C106995 /* TokenStore.swift */; };
		AA7DF7E87F874409194EDC12 /* BookingsListView.swift in Sources */ = {isa = PBXBuildFile; fileRef = 4C4EC3300A4955235B3E103B /* BookingsListView.swift */; };
		ACC955F23AC9A330212AA29D /* LoginViewModel.swift in Sources */ = {isa = PBXBuildFile; fileRef = 125390672BB4A511237E65AA /* LoginViewModel.swift */; };
		AD8F00956CD560A83BA585CC /* PaymentsDetailView.swift in Sources */ = {isa = PBXBuildFile; fileRef = 771BE4703A4A880F4DEA8DA0 /* PaymentsDetailView.swift */; };
		BC35E529C4D2FFC6BCD416D8 /* BookingDetailViewModel.swift in Sources */ = {isa = PBXBuildFile; fileRef = 01E9BD7CEF3DEDFD84B19240 /* BookingDetailViewModel.swift */; };
		C0B2FA7FDBC1EBF23013614A /* BookingDetailView.swift in Sources */ = {isa = PBXBuildFile; fileRef = 02FB10F263EF07A3CB96A13B /* BookingDetailView.swift */; };
		D6E4C2B15BA599B14A7FA6A2 /* generated_Aux.swift in Sources */ = {isa = PBXBuildFile; fileRef = A9E489089DB2EAACC3A11EB2 /* generated_Aux.swift */; };
		DC89091F66D1322A56F6C63F /* CustomerDetailViewModel.swift in Sources */ = {isa = PBXBuildFile; fileRef = EAFDE0D8F2CA180707AD7518 /* CustomerDetailViewModel.swift */; };
		DD9A7E13763E428DCCD6D086 /* OfferDetailView.swift in Sources */ = {isa = PBXBuildFile; fileRef = 5688869D0E6D24EB386FD48D /* OfferDetailView.swift */; };
		E2A6461A6BE0315AB15A7A73 /* generated_Enums.swift in Sources */ = {isa = PBXBuildFile; fileRef = 6E361D3F7B410A6CECD45248 /* generated_Enums.swift */; };
		E9512DE4F51D274927DF2C95 /* SettingsView.swift in Sources */ = {isa = PBXBuildFile; fileRef = 7CE2AFB531E444C98003A54B /* SettingsView.swift */; };
		F7173457A3499DFC39225EAA /* InlineNavigationTitleDisplayModeModifier.swift in Sources */ = {isa = PBXBuildFile; fileRef = BD0E1EB09DB7ED704426402A /* InlineNavigationTitleDisplayModeModifier.swift */; };
/* End PBXBuildFile section */

/* Begin PBXFileReference section */
		01E9BD7CEF3DEDFD84B19240 /* BookingDetailViewModel.swift */ = {isa = PBXFileReference; includeInIndex = 1; lastKnownFileType = sourcecode.swift; path = BookingDetailViewModel.swift; sourceTree = "<group>"; };
		02FB10F263EF07A3CB96A13B /* BookingDetailView.swift */ = {isa = PBXFileReference; includeInIndex = 1; lastKnownFileType = sourcecode.swift; path = BookingDetailView.swift; sourceTree = "<group>"; };
		095F3E3B66AAE4817155E98B /* APIClient.swift */ = {isa = PBXFileReference; includeInIndex = 1; lastKnownFileType = sourcecode.swift; path = APIClient.swift; sourceTree = "<group>"; };
		1138BFF4047D826334BB21EB /* UpdateRequiredView.swift */ = {isa = PBXFileReference; includeInIndex = 1; lastKnownFileType = sourcecode.swift; path = UpdateRequiredView.swift; sourceTree = "<group>"; };
		118ACEE54FAD2E1979C4424C /* LoginView.swift */ = {isa = PBXFileReference; includeInIndex = 1; lastKnownFileType = sourcecode.swift; path = LoginView.swift; sourceTree = "<group>"; };
		11DD6EB426C7AC294B5E9E89 /* generated_ATPStaff.swift */ = {isa = PBXFileReference; includeInIndex = 1; lastKnownFileType = sourcecode.swift; path = generated_ATPStaff.swift; sourceTree = "<group>"; };
		125390672BB4A511237E65AA /* LoginViewModel.swift */ = {isa = PBXFileReference; includeInIndex = 1; lastKnownFileType = sourcecode.swift; path = LoginViewModel.swift; sourceTree = "<group>"; };
		1C2DC1FBBA6EDAF390240E64 /* AuthService.swift */ = {isa = PBXFileReference; includeInIndex = 1; lastKnownFileType = sourcecode.swift; path = AuthService.swift; sourceTree = "<group>"; };
		2B10F04D15247900BFC3B8CE /* AsiaTravelPlan.app */ = {isa = PBXFileReference; explicitFileType = wrapper.application; includeInIndex = 0; path = AsiaTravelPlan.app; sourceTree = BUILT_PRODUCTS_DIR; };
		40DF40CDA923C249BCAFE077 /* BookingCustomerDetailView.swift */ = {isa = PBXFileReference; includeInIndex = 1; lastKnownFileType = sourcecode.swift; path = BookingCustomerDetailView.swift; sourceTree = "<group>"; };
		4261487BA24347403F2D6856 /* AsiaTravelPlanApp.swift */ = {isa = PBXFileReference; includeInIndex = 1; lastKnownFileType = sourcecode.swift; path = AsiaTravelPlanApp.swift; sourceTree = "<group>"; };
		442E676FA032B09CF7B62081 /* generated_Booking.swift */ = {isa = PBXFileReference; includeInIndex = 1; lastKnownFileType = sourcecode.swift; path = generated_Booking.swift; sourceTree = "<group>"; };
		4A07E6BA48DEEB7F7635602C /* StartupFailureView.swift */ = {isa = PBXFileReference; includeInIndex = 1; lastKnownFileType = sourcecode.swift; path = StartupFailureView.swift; sourceTree = "<group>"; };
		4C4EC3300A4955235B3E103B /* BookingsListView.swift */ = {isa = PBXFileReference; includeInIndex = 1; lastKnownFileType = sourcecode.swift; path = BookingsListView.swift; sourceTree = "<group>"; };
		50F08C0C624084E00C106995 /* TokenStore.swift */ = {isa = PBXFileReference; includeInIndex = 1; lastKnownFileType = sourcecode.swift; path = TokenStore.swift; sourceTree = "<group>"; };
		5688869D0E6D24EB386FD48D /* OfferDetailView.swift */ = {isa = PBXFileReference; includeInIndex = 1; lastKnownFileType = sourcecode.swift; path = OfferDetailView.swift; sourceTree = "<group>"; };
		57D58F862A4F5702F12FC433 /* BookingSummaryDetailView.swift */ = {isa = PBXFileReference; includeInIndex = 1; lastKnownFileType = sourcecode.swift; path = BookingSummaryDetailView.swift; sourceTree = "<group>"; };
		6AE07327D1A21F81AC322159 /* UnauthorizedView.swift */ = {isa = PBXFileReference; includeInIndex = 1; lastKnownFileType = sourcecode.swift; path = UnauthorizedView.swift; sourceTree = "<group>"; };
		6E361D3F7B410A6CECD45248 /* generated_Enums.swift */ = {isa = PBXFileReference; includeInIndex = 1; lastKnownFileType = sourcecode.swift; path = generated_Enums.swift; sourceTree = "<group>"; };
		771BE4703A4A880F4DEA8DA0 /* PaymentsDetailView.swift */ = {isa = PBXFileReference; includeInIndex = 1; lastKnownFileType = sourcecode.swift; path = PaymentsDetailView.swift; sourceTree = "<group>"; };
		7B2B923C6CB49926944454B3 /* BookingNoteDetailView.swift */ = {isa = PBXFileReference; includeInIndex = 1; lastKnownFileType = sourcecode.swift; path = BookingNoteDetailView.swift; sourceTree = "<group>"; };
		7B9F019A09A9EEFEBE2647CE /* generated_APIModels.swift */ = {isa = PBXFileReference; includeInIndex = 1; lastKnownFileType = sourcecode.swift; path = generated_APIModels.swift; sourceTree = "<group>"; };
		7CE2AFB531E444C98003A54B /* SettingsView.swift */ = {isa = PBXFileReference; includeInIndex = 1; lastKnownFileType = sourcecode.swift; path = SettingsView.swift; sourceTree = "<group>"; };
		7F55C8E9E3238318AA159EF0 /* generated_APIClient.swift */ = {isa = PBXFileReference; includeInIndex = 1; lastKnownFileType = sourcecode.swift; path = generated_APIClient.swift; sourceTree = "<group>"; };
		856DABEC03A984A437FAD1C8 /* generated_APIRequestFactory.swift */ = {isa = PBXFileReference; includeInIndex = 1; lastKnownFileType = sourcecode.swift; path = generated_APIRequestFactory.swift; sourceTree = "<group>"; };
		94EDF06891EA5AB0079FD56D /* RootView.swift */ = {isa = PBXFileReference; includeInIndex = 1; lastKnownFileType = sourcecode.swift; path = RootView.swift; sourceTree = "<group>"; };
		9B922EC1018629330152C136 /* RoleService.swift */ = {isa = PBXFileReference; includeInIndex = 1; lastKnownFileType = sourcecode.swift; path = RoleService.swift; sourceTree = "<group>"; };
		A414DA65B3332D0AB49C7E86 /* AppShellView.swift */ = {isa = PBXFileReference; includeInIndex = 1; lastKnownFileType = sourcecode.swift; path = AppShellView.swift; sourceTree = "<group>"; };
		A9E489089DB2EAACC3A11EB2 /* generated_Aux.swift */ = {isa = PBXFileReference; includeInIndex = 1; lastKnownFileType = sourcecode.swift; path = generated_Aux.swift; sourceTree = "<group>"; };
		AB8B878A581684304BFA3F37 /* Foundation.framework */ = {isa = PBXFileReference; lastKnownFileType = wrapper.framework; name = Foundation.framework; path = Platforms/iPhoneOS.platform/Developer/SDKs/iPhoneOS18.0.sdk/System/Library/Frameworks/Foundation.framework; sourceTree = DEVELOPER_DIR; };
		B7A64E1C551A5CE066DDDA7F /* OfferComponentDetailView.swift */ = {isa = PBXFileReference; includeInIndex = 1; lastKnownFileType = sourcecode.swift; path = OfferComponentDetailView.swift; sourceTree = "<group>"; };
		B87D25A9D31A8B99EDE4DF8F /* SessionStore.swift */ = {isa = PBXFileReference; includeInIndex = 1; lastKnownFileType = sourcecode.swift; path = SessionStore.swift; sourceTree = "<group>"; };
		BA2098C356B381EE6DCE1A8E /* ActivityRowView.swift */ = {isa = PBXFileReference; includeInIndex = 1; lastKnownFileType = sourcecode.swift; path = ActivityRowView.swift; sourceTree = "<group>"; };
		BD0E1EB09DB7ED704426402A /* InlineNavigationTitleDisplayModeModifier.swift */ = {isa = PBXFileReference; includeInIndex = 1; lastKnownFileType = sourcecode.swift; path = InlineNavigationTitleDisplayModeModifier.swift; sourceTree = "<group>"; };
		C0CB4393CCC538D4E7A66E38 /* generated_FormConstraints.swift */ = {isa = PBXFileReference; includeInIndex = 1; lastKnownFileType = sourcecode.swift; path = generated_FormConstraints.swift; sourceTree = "<group>"; };
		C78786939083D11D03B09F3E /* generated_Currency.swift */ = {isa = PBXFileReference; includeInIndex = 1; lastKnownFileType = sourcecode.swift; path = generated_Currency.swift; sourceTree = "<group>"; };
		C829EBCCB0D03310BA0574D5 /* DashboardView.swift */ = {isa = PBXFileReference; includeInIndex = 1; lastKnownFileType = sourcecode.swift; path = DashboardView.swift; sourceTree = "<group>"; };
		CBC244BE37E32A061ADFBC1C /* ClientProfile.swift */ = {isa = PBXFileReference; includeInIndex = 1; lastKnownFileType = sourcecode.swift; path = ClientProfile.swift; sourceTree = "<group>"; };
		D42960B3BFD08A65A348CD07 /* AppConfig.swift */ = {isa = PBXFileReference; includeInIndex = 1; lastKnownFileType = sourcecode.swift; path = AppConfig.swift; sourceTree = "<group>"; };
		DC36235FCAD3402F0CBDCBE8 /* AppBootstrapStore.swift */ = {isa = PBXFileReference; includeInIndex = 1; lastKnownFileType = sourcecode.swift; path = AppBootstrapStore.swift; sourceTree = "<group>"; };
		DCD928CBAEA3BE0A1DE01711 /* AuthSession.swift */ = {isa = PBXFileReference; includeInIndex = 1; lastKnownFileType = sourcecode.swift; path = AuthSession.swift; sourceTree = "<group>"; };
		EAFDE0D8F2CA180707AD7518 /* CustomerDetailViewModel.swift */ = {isa = PBXFileReference; includeInIndex = 1; lastKnownFileType = sourcecode.swift; path = CustomerDetailViewModel.swift; sourceTree = "<group>"; };
		EFADAB0A45406E3CA6BCFB1E /* ActivitiesDetailView.swift */ = {isa = PBXFileReference; includeInIndex = 1; lastKnownFileType = sourcecode.swift; path = ActivitiesDetailView.swift; sourceTree = "<group>"; };
		F27D65EF0516F4898C379616 /* generated_Language.swift */ = {isa = PBXFileReference; includeInIndex = 1; lastKnownFileType = sourcecode.swift; path = generated_Language.swift; sourceTree = "<group>"; };
		F30D5A0B3018D0758E00A7A7 /* JWTDecoder.swift */ = {isa = PBXFileReference; includeInIndex = 1; lastKnownFileType = sourcecode.swift; path = JWTDecoder.swift; sourceTree = "<group>"; };
		F5EB766110FBCEAC12133678 /* Assets.xcassets */ = {isa = PBXFileReference; includeInIndex = 1; lastKnownFileType = folder.assetcatalog; path = Assets.xcassets; sourceTree = "<group>"; };
		FE989EFCF6F6F581EA238CC9 /* BookingsViewModel.swift */ = {isa = PBXFileReference; includeInIndex = 1; lastKnownFileType = sourcecode.swift; path = BookingsViewModel.swift; sourceTree = "<group>"; };
		FEA248069789B70F22AB6147 /* TravelGroupsListView.swift */ = {isa = PBXFileReference; includeInIndex = 1; lastKnownFileType = sourcecode.swift; path = TravelGroupsListView.swift; sourceTree = "<group>"; };
/* End PBXFileReference section */

/* Begin PBXFrameworksBuildPhase section */
		5CB85D9D054CB13C17C15080 /* Frameworks */ = {
			isa = PBXFrameworksBuildPhase;
			buildActionMask = 2147483647;
			files = (
				7020DD518628F08617090847 /* Foundation.framework in Frameworks */,
			);
			runOnlyForDeploymentPostprocessing = 0;
		};
/* End PBXFrameworksBuildPhase section */

/* Begin PBXGroup section */
		0B5739CB32EA0E2AAAE5F802 /* Resources */ = {
			isa = PBXGroup;
			children = (
				F5EB766110FBCEAC12133678 /* Assets.xcassets */,
			);
			name = Resources;
			path = Resources;
			sourceTree = "<group>";
		};
		2B33E01652C4EB717E6031DA /* Models */ = {
			isa = PBXGroup;
			children = (
				11DD6EB426C7AC294B5E9E89 /* generated_ATPStaff.swift */,
				A9E489089DB2EAACC3A11EB2 /* generated_Aux.swift */,
				442E676FA032B09CF7B62081 /* generated_Booking.swift */,
				C78786939083D11D03B09F3E /* generated_Currency.swift */,
				6E361D3F7B410A6CECD45248 /* generated_Enums.swift */,
				C0CB4393CCC538D4E7A66E38 /* generated_FormConstraints.swift */,
				F27D65EF0516F4898C379616 /* generated_Language.swift */,
			);
			name = Models;
			path = Models;
			sourceTree = "<group>";
		};
		33EBD10D6F5986541CC82B5B = {
			isa = PBXGroup;
			children = (
				F8D7B5BD3081F229F049AC3A /* AsiaTravelPlan */,
			);
			sourceTree = "<group>";
		};
		3FF46EAA72B20EC359279E1E /* Views */ = {
			isa = PBXGroup;
			children = (
				EFADAB0A45406E3CA6BCFB1E /* ActivitiesDetailView.swift */,
				BA2098C356B381EE6DCE1A8E /* ActivityRowView.swift */,
				A414DA65B3332D0AB49C7E86 /* AppShellView.swift */,
				40DF40CDA923C249BCAFE077 /* BookingCustomerDetailView.swift */,
				02FB10F263EF07A3CB96A13B /* BookingDetailView.swift */,
				7B2B923C6CB49926944454B3 /* BookingNoteDetailView.swift */,
				57D58F862A4F5702F12FC433 /* BookingSummaryDetailView.swift */,
				4C4EC3300A4955235B3E103B /* BookingsListView.swift */,
				C829EBCCB0D03310BA0574D5 /* DashboardView.swift */,
				BD0E1EB09DB7ED704426402A /* InlineNavigationTitleDisplayModeModifier.swift */,
				118ACEE54FAD2E1979C4424C /* LoginView.swift */,
				B7A64E1C551A5CE066DDDA7F /* OfferComponentDetailView.swift */,
				5688869D0E6D24EB386FD48D /* OfferDetailView.swift */,
				771BE4703A4A880F4DEA8DA0 /* PaymentsDetailView.swift */,
				94EDF06891EA5AB0079FD56D /* RootView.swift */,
				7CE2AFB531E444C98003A54B /* SettingsView.swift */,
				4A07E6BA48DEEB7F7635602C /* StartupFailureView.swift */,
				FEA248069789B70F22AB6147 /* TravelGroupsListView.swift */,
				6AE07327D1A21F81AC322159 /* UnauthorizedView.swift */,
				1138BFF4047D826334BB21EB /* UpdateRequiredView.swift */,
			);
			name = Views;
			path = Views;
			sourceTree = "<group>";
		};
		4A0F80AFC622B911EFC06F53 /* Models */ = {
			isa = PBXGroup;
			children = (
				DCD928CBAEA3BE0A1DE01711 /* AuthSession.swift */,
				CBC244BE37E32A061ADFBC1C /* ClientProfile.swift */,
			);
			name = Models;
			path = Models;
			sourceTree = "<group>";
		};
		6CD018BA72CBAFB2D594DEFC /* API */ = {
			isa = PBXGroup;
			children = (
				7F55C8E9E3238318AA159EF0 /* generated_APIClient.swift */,
				7B9F019A09A9EEFEBE2647CE /* generated_APIModels.swift */,
				856DABEC03A984A437FAD1C8 /* generated_APIRequestFactory.swift */,
			);
			name = API;
			path = API;
			sourceTree = "<group>";
		};
		7A41452CA9992D5A4156854B /* Generated */ = {
			isa = PBXGroup;
			children = (
				2B33E01652C4EB717E6031DA /* Models */,
				6CD018BA72CBAFB2D594DEFC /* API */,
			);
			name = Generated;
			path = Generated;
			sourceTree = "<group>";
		};
		7F573E5A26BAF71777C64BBD /* ViewModels */ = {
			isa = PBXGroup;
			children = (
				01E9BD7CEF3DEDFD84B19240 /* BookingDetailViewModel.swift */,
				FE989EFCF6F6F581EA238CC9 /* BookingsViewModel.swift */,
				EAFDE0D8F2CA180707AD7518 /* CustomerDetailViewModel.swift */,
				125390672BB4A511237E65AA /* LoginViewModel.swift */,
			);
			name = ViewModels;
			path = ViewModels;
			sourceTree = "<group>";
		};
		F8D7B5BD3081F229F049AC3A /* AsiaTravelPlan */ = {
			isa = PBXGroup;
			children = (
				4A0F80AFC622B911EFC06F53 /* Models */,
				FBFF1B13F93077A544922357 /* Services */,
				7F573E5A26BAF71777C64BBD /* ViewModels */,
				3FF46EAA72B20EC359279E1E /* Views */,
				0B5739CB32EA0E2AAAE5F802 /* Resources */,
				7A41452CA9992D5A4156854B /* Generated */,
				D42960B3BFD08A65A348CD07 /* AppConfig.swift */,
				4261487BA24347403F2D6856 /* AsiaTravelPlanApp.swift */,
			);
			name = AsiaTravelPlan;
			path = "";
			sourceTree = "<group>";
		};
		FBFF1B13F93077A544922357 /* Services */ = {
			isa = PBXGroup;
			children = (
				095F3E3B66AAE4817155E98B /* APIClient.swift */,
				DC36235FCAD3402F0CBDCBE8 /* AppBootstrapStore.swift */,
				1C2DC1FBBA6EDAF390240E64 /* AuthService.swift */,
				F30D5A0B3018D0758E00A7A7 /* JWTDecoder.swift */,
				9B922EC1018629330152C136 /* RoleService.swift */,
				B87D25A9D31A8B99EDE4DF8F /* SessionStore.swift */,
				50F08C0C624084E00C106995 /* TokenStore.swift */,
			);
			name = Services;
			path = Services;
			sourceTree = "<group>";
		};
/* End PBXGroup section */

/* Begin PBXNativeTarget section */
		206F9DC5AD70F64593CA6ADF /* AsiaTravelPlan */ = {
			isa = PBXNativeTarget;
			buildConfigurationList = 5153D1D6D1CEDF88146BD8DE /* Build configuration list for PBXNativeTarget "AsiaTravelPlan" */;
			buildPhases = (
				D991BFFB0B0BDD8C22C2D5D7 /* Sources */,
				5CB85D9D054CB13C17C15080 /* Frameworks */,
				515E64065504AA47FC487A61 /* Resources */,
			);
			buildRules = (
			);
			dependencies = (
			);
			name = AsiaTravelPlan;
			productName = AsiaTravelPlan;
			productReference = 2B10F04D15247900BFC3B8CE /* AsiaTravelPlan.app */;
			productType = "com.apple.product-type.application";
		};
/* End PBXNativeTarget section */

/* Begin PBXProject section */
		C23D4C429CDCBD7F68BCF158 /* Project object */ = {
			isa = PBXProject;
			attributes = {
				LastSwiftUpdateCheck = 2600;
				LastUpgradeCheck = 2600;
			};
			buildConfigurationList = CCB74D33718A2406BD35CC83 /* Build configuration list for PBXProject "AsiaTravelPlan" */;
			compatibilityVersion = "Xcode 3.2";
			developmentRegion = en;
			hasScannedForEncodings = 0;
			knownRegions = (
				en,
				Base,
			);
			mainGroup = 33EBD10D6F5986541CC82B5B;
			minimizedProjectReferenceProxies = 0;
			preferredProjectObjectVersion = 77;
			projectDirPath = "";
			projectRoot = "";
			targets = (
				206F9DC5AD70F64593CA6ADF /* AsiaTravelPlan */,
			);
		};
/* End PBXProject section */

/* Begin PBXResourcesBuildPhase section */
		515E64065504AA47FC487A61 /* Resources */ = {
			isa = PBXResourcesBuildPhase;
			buildActionMask = 2147483647;
			files = (
				86DBD0ACA587D9EB0673D360 /* Assets.xcassets in Resources */,
			);
			runOnlyForDeploymentPostprocessing = 0;
		};
/* End PBXResourcesBuildPhase section */

/* Begin PBXSourcesBuildPhase section */
		D991BFFB0B0BDD8C22C2D5D7 /* Sources */ = {
			isa = PBXSourcesBuildPhase;
			buildActionMask = 2147483647;
			files = (
				106AE68AF1F79D4DC4375A9E /* AppConfig.swift in Sources */,
				A09F6DFC98F5FD0EDBF0E328 /* AsiaTravelPlanApp.swift in Sources */,
				2DEB5E87271A96D06F9FC73C /* AuthSession.swift in Sources */,
				5430F8DC34DE63D97085DC9F /* ClientProfile.swift in Sources */,
				6BA203E5D165F627C23C6226 /* APIClient.swift in Sources */,
				9F6737FD292C0B51821BF066 /* AppBootstrapStore.swift in Sources */,
				6603958E360D102347A6867A /* AuthService.swift in Sources */,
				9571F4E575F4C9B4C92FE327 /* JWTDecoder.swift in Sources */,
				67FEFFDC625A5331E624E49C /* RoleService.swift in Sources */,
				3D8E12F3ADE709EF91704A5A /* SessionStore.swift in Sources */,
				A63CDCA8D8A178F4E36BACBF /* TokenStore.swift in Sources */,
				7193D2F663091AF0B1575764 /* generated_ATPStaff.swift in Sources */,
				D6E4C2B15BA599B14A7FA6A2 /* generated_Aux.swift in Sources */,
				08549799458F4875C21449F2 /* generated_Booking.swift in Sources */,
				7F06BCAFCBD188D65D147718 /* generated_Currency.swift in Sources */,
				E2A6461A6BE0315AB15A7A73 /* generated_Enums.swift in Sources */,
				971EA804D9CD3726ADFD1A89 /* generated_FormConstraints.swift in Sources */,
				61B5DF91C2A4D7FE3F9E9210 /* generated_Language.swift in Sources */,
				255FF9AA339F535FC9B5DC2E /* generated_APIClient.swift in Sources */,
				9799F9CB6D1EBB6EE60E95FA /* generated_APIModels.swift in Sources */,
				0CCCAFE8A708EF84A77386D3 /* generated_APIRequestFactory.swift in Sources */,
				BC35E529C4D2FFC6BCD416D8 /* BookingDetailViewModel.swift in Sources */,
				5C5B6EED259E5E146570DBB1 /* BookingsViewModel.swift in Sources */,
				DC89091F66D1322A56F6C63F /* CustomerDetailViewModel.swift in Sources */,
				ACC955F23AC9A330212AA29D /* LoginViewModel.swift in Sources */,
				0E3D815BDDF88B9C07AE1170 /* ActivitiesDetailView.swift in Sources */,
				307CD1E586E8AB7C9DEC5956 /* ActivityRowView.swift in Sources */,
				549ABDC7F114629D83EDDB6A /* AppShellView.swift in Sources */,
				7F3F9A5C9BD4F498C2AB865E /* BookingCustomerDetailView.swift in Sources */,
				C0B2FA7FDBC1EBF23013614A /* BookingDetailView.swift in Sources */,
				02494BF1C8F114FC76C991A0 /* BookingNoteDetailView.swift in Sources */,
				7C93516D15CCB1A1A6675615 /* BookingSummaryDetailView.swift in Sources */,
				AA7DF7E87F874409194EDC12 /* BookingsListView.swift in Sources */,
				6FCF8F6131A406C83CA243C5 /* DashboardView.swift in Sources */,
				F7173457A3499DFC39225EAA /* InlineNavigationTitleDisplayModeModifier.swift in Sources */,
				328698571172ACDCE2474C75 /* LoginView.swift in Sources */,
				557F375000CCA6888AE962BE /* OfferComponentDetailView.swift in Sources */,
				DD9A7E13763E428DCCD6D086 /* OfferDetailView.swift in Sources */,
				AD8F00956CD560A83BA585CC /* PaymentsDetailView.swift in Sources */,
				9296CFCA7B26330B916CD510 /* RootView.swift in Sources */,
				E9512DE4F51D274927DF2C95 /* SettingsView.swift in Sources */,
				44176AF3B4BE4FEF4989EA65 /* StartupFailureView.swift in Sources */,
				A3F8A020BF1C85625A3D7EE9 /* TravelGroupsListView.swift in Sources */,
				538A249E91C3F017E7B819B1 /* UnauthorizedView.swift in Sources */,
				8D33A05D2CB1A8A9352D1D0D /* UpdateRequiredView.swift in Sources */,
			);
			runOnlyForDeploymentPostprocessing = 0;
		};
/* End PBXSourcesBuildPhase section */

/* Begin XCBuildConfiguration section */
		A8CAB3EE8102C9FB1782C6AF /* Debug */ = {
			isa = XCBuildConfiguration;
			buildSettings = {
				ASSETCATALOG_COMPILER_APPICON_NAME = AppIcon;
				ASSETCATALOG_COMPILER_GLOBAL_ACCENT_COLOR_NAME = AccentColor;
				CLANG_ENABLE_OBJC_WEAK = NO;
				CODE_SIGN_STYLE = Automatic;
				CURRENT_PROJECT_VERSION = 1;
				DEVELOPMENT_ASSET_PATHS = "\"Resources/Assets.xcassets\"";
				ENABLE_PREVIEWS = YES;
				GENERATE_INFOPLIST_FILE = NO;
				INFOPLIST_FILE = Resources/Info.plist;
				IPHONEOS_DEPLOYMENT_TARGET = 17.0;
				LD_RUNPATH_SEARCH_PATHS = "$(inherited) @executable_path/Frameworks";
				MARKETING_VERSION = 1.0;
				PRODUCT_BUNDLE_IDENTIFIER = com.asiatravelplan.ios;
				PRODUCT_NAME = AsiaTravelPlan;
				SDKROOT = iphoneos;
				SWIFT_VERSION = 5.0;
				TARGETED_DEVICE_FAMILY = "1,2";
			};
			name = Debug;
		};
		C471D5AA4E682A54CB524C3D /* Release */ = {
			isa = XCBuildConfiguration;
			buildSettings = {
				ASSETCATALOG_COMPILER_APPICON_NAME = AppIcon;
				ASSETCATALOG_COMPILER_GLOBAL_ACCENT_COLOR_NAME = AccentColor;
				CLANG_ENABLE_OBJC_WEAK = NO;
				CODE_SIGN_STYLE = Automatic;
				CURRENT_PROJECT_VERSION = 1;
				DEVELOPMENT_ASSET_PATHS = "\"Resources/Assets.xcassets\"";
				ENABLE_PREVIEWS = YES;
				GENERATE_INFOPLIST_FILE = NO;
				INFOPLIST_FILE = Resources/Info.plist;
				IPHONEOS_DEPLOYMENT_TARGET = 17.0;
				LD_RUNPATH_SEARCH_PATHS = "$(inherited) @executable_path/Frameworks";
				MARKETING_VERSION = 1.0;
				PRODUCT_BUNDLE_IDENTIFIER = com.asiatravelplan.ios;
				PRODUCT_NAME = AsiaTravelPlan;
				SDKROOT = iphoneos;
				SWIFT_VERSION = 5.0;
				TARGETED_DEVICE_FAMILY = "1,2";
				VALIDATE_PRODUCT = YES;
			};
			name = Release;
		};
		D5743D40CB240479C31E35A5 /* Release */ = {
			isa = XCBuildConfiguration;
			buildSettings = {
				ALWAYS_SEARCH_USER_PATHS = NO;
				CLANG_ANALYZER_NONNULL = YES;
				CLANG_ANALYZER_NUMBER_OBJECT_CONVERSION = YES_AGGRESSIVE;
				CLANG_CXX_LANGUAGE_STANDARD = "gnu++14";
				CLANG_CXX_LIBRARY = "libc++";
				CLANG_ENABLE_MODULES = YES;
				CLANG_ENABLE_OBJC_ARC = YES;
				CLANG_ENABLE_OBJC_WEAK = YES;
				CLANG_WARN_BLOCK_CAPTURE_AUTORELEASING = YES;
				CLANG_WARN_BOOL_CONVERSION = YES;
				CLANG_WARN_COMMA = YES;
				CLANG_WARN_CONSTANT_CONVERSION = YES;
				CLANG_WARN_DEPRECATED_OBJC_IMPLEMENTATIONS = YES;
				CLANG_WARN_DIRECT_OBJC_ISA_USAGE = YES_ERROR;
				CLANG_WARN_DOCUMENTATION_COMMENTS = YES;
				CLANG_WARN_EMPTY_BODY = YES;
				CLANG_WARN_ENUM_CONVERSION = YES;
				CLANG_WARN_INFINITE_RECURSION = YES;
				CLANG_WARN_INT_CONVERSION = YES;
				CLANG_WARN_NON_LITERAL_NULL_CONVERSION = YES;
				CLANG_WARN_OBJC_IMPLICIT_RETAIN_SELF = YES;
				CLANG_WARN_OBJC_LITERAL_CONVERSION = YES;
				CLANG_WARN_OBJC_ROOT_CLASS = YES_ERROR;
				CLANG_WARN_QUOTED_INCLUDE_IN_FRAMEWORK_HEADER = YES;
				CLANG_WARN_RANGE_LOOP_ANALYSIS = YES;
				CLANG_WARN_STRICT_PROTOTYPES = YES;
				CLANG_WARN_SUSPICIOUS_MOVE = YES;
				CLANG_WARN_UNGUARDED_AVAILABILITY = YES_AGGRESSIVE;
				CLANG_WARN_UNREACHABLE_CODE = YES;
				CLANG_WARN__DUPLICATE_METHOD_MATCH = YES;
				COPY_PHASE_STRIP = NO;
				DEBUG_INFORMATION_FORMAT = "dwarf-with-dsym";
				ENABLE_NS_ASSERTIONS = NO;
				ENABLE_STRICT_OBJC_MSGSEND = YES;
				GCC_C_LANGUAGE_STANDARD = gnu11;
				GCC_NO_COMMON_BLOCKS = YES;
				GCC_WARN_64_TO_32_BIT_CONVERSION = YES;
				GCC_WARN_ABOUT_RETURN_TYPE = YES_ERROR;
				GCC_WARN_UNDECLARED_SELECTOR = YES;
				GCC_WARN_UNINITIALIZED_AUTOS = YES_AGGRESSIVE;
				GCC_WARN_UNUSED_FUNCTION = YES;
				GCC_WARN_UNUSED_VARIABLE = YES;
				MTL_ENABLE_DEBUG_INFO = NO;
				MTL_FAST_MATH = YES;
				PRODUCT_NAME = "$(TARGET_NAME)";
				SWIFT_COMPILATION_MODE = wholemodule;
				SWIFT_OPTIMIZATION_LEVEL = "-O";
				SWIFT_VERSION = 5.0;
			};
			name = Release;
		};
		D936AA59B75E082AFF1422D0 /* Debug */ = {
			isa = XCBuildConfiguration;
			buildSettings = {
				ALWAYS_SEARCH_USER_PATHS = NO;
				CLANG_ANALYZER_NONNULL = YES;
				CLANG_ANALYZER_NUMBER_OBJECT_CONVERSION = YES_AGGRESSIVE;
				CLANG_CXX_LANGUAGE_STANDARD = "gnu++14";
				CLANG_CXX_LIBRARY = "libc++";
				CLANG_ENABLE_MODULES = YES;
				CLANG_ENABLE_OBJC_ARC = YES;
				CLANG_ENABLE_OBJC_WEAK = YES;
				CLANG_WARN_BLOCK_CAPTURE_AUTORELEASING = YES;
				CLANG_WARN_BOOL_CONVERSION = YES;
				CLANG_WARN_COMMA = YES;
				CLANG_WARN_CONSTANT_CONVERSION = YES;
				CLANG_WARN_DEPRECATED_OBJC_IMPLEMENTATIONS = YES;
				CLANG_WARN_DIRECT_OBJC_ISA_USAGE = YES_ERROR;
				CLANG_WARN_DOCUMENTATION_COMMENTS = YES;
				CLANG_WARN_EMPTY_BODY = YES;
				CLANG_WARN_ENUM_CONVERSION = YES;
				CLANG_WARN_INFINITE_RECURSION = YES;
				CLANG_WARN_INT_CONVERSION = YES;
				CLANG_WARN_NON_LITERAL_NULL_CONVERSION = YES;
				CLANG_WARN_OBJC_IMPLICIT_RETAIN_SELF = YES;
				CLANG_WARN_OBJC_LITERAL_CONVERSION = YES;
				CLANG_WARN_OBJC_ROOT_CLASS = YES_ERROR;
				CLANG_WARN_QUOTED_INCLUDE_IN_FRAMEWORK_HEADER = YES;
				CLANG_WARN_RANGE_LOOP_ANALYSIS = YES;
				CLANG_WARN_STRICT_PROTOTYPES = YES;
				CLANG_WARN_SUSPICIOUS_MOVE = YES;
				CLANG_WARN_UNGUARDED_AVAILABILITY = YES_AGGRESSIVE;
				CLANG_WARN_UNREACHABLE_CODE = YES;
				CLANG_WARN__DUPLICATE_METHOD_MATCH = YES;
				COPY_PHASE_STRIP = NO;
				DEBUG_INFORMATION_FORMAT = dwarf;
				ENABLE_STRICT_OBJC_MSGSEND = YES;
				ENABLE_TESTABILITY = YES;
				GCC_C_LANGUAGE_STANDARD = gnu11;
				GCC_DYNAMIC_NO_PIC = NO;
				GCC_NO_COMMON_BLOCKS = YES;
				GCC_OPTIMIZATION_LEVEL = 0;
				GCC_PREPROCESSOR_DEFINITIONS = (
					"DEBUG=1",
					"$(inherited)",
				);
				GCC_WARN_64_TO_32_BIT_CONVERSION = YES;
				GCC_WARN_ABOUT_RETURN_TYPE = YES_ERROR;
				GCC_WARN_UNDECLARED_SELECTOR = YES;
				GCC_WARN_UNINITIALIZED_AUTOS = YES_AGGRESSIVE;
				GCC_WARN_UNUSED_FUNCTION = YES;
				GCC_WARN_UNUSED_VARIABLE = YES;
				MTL_ENABLE_DEBUG_INFO = INCLUDE_SOURCE;
				MTL_FAST_MATH = YES;
				ONLY_ACTIVE_ARCH = YES;
				PRODUCT_NAME = "$(TARGET_NAME)";
				SWIFT_ACTIVE_COMPILATION_CONDITIONS = DEBUG;
				SWIFT_OPTIMIZATION_LEVEL = "-Onone";
				SWIFT_VERSION = 5.0;
			};
			name = Debug;
		};
/* End XCBuildConfiguration section */

/* Begin XCConfigurationList section */
		5153D1D6D1CEDF88146BD8DE /* Build configuration list for PBXNativeTarget "AsiaTravelPlan" */ = {
			isa = XCConfigurationList;
			buildConfigurations = (
				C471D5AA4E682A54CB524C3D /* Release */,
				A8CAB3EE8102C9FB1782C6AF /* Debug */,
			);
			defaultConfigurationIsVisible = 0;
			defaultConfigurationName = Release;
		};
		CCB74D33718A2406BD35CC83 /* Build configuration list for PBXProject "AsiaTravelPlan" */ = {
			isa = XCConfigurationList;
			buildConfigurations = (
				D936AA59B75E082AFF1422D0 /* Debug */,
				D5743D40CB240479C31E35A5 /* Release */,
			);
			defaultConfigurationIsVisible = 0;
			defaultConfigurationName = Release;
		};
/* End XCConfigurationList section */
	};
	rootObject = C23D4C429CDCBD7F68BCF158 /* Project object */;
}
