// !$*UTF8*$!
{
	archiveVersion = 1;
	classes = {
	};
	objectVersion = 46;
	objects = {

/* Begin PBXBuildFile section */
		014D30334DC634EAEEF56815 /* AppShellView.swift in Sources */ = {isa = PBXBuildFile; fileRef = 3B9C3078AF749E1B18E2E15C /* AppShellView.swift */; };
		0409BDB01FA404B015C7F148 /* BookingsListView.swift in Sources */ = {isa = PBXBuildFile; fileRef = D2F497350C9D6985AF9AAFF4 /* BookingsListView.swift */; };
		0AC202A06C0DB00FA238EC93 /* BookingDetailView.swift in Sources */ = {isa = PBXBuildFile; fileRef = D36294932E777177A9AF9ABF /* BookingDetailView.swift */; };
		15E247FEC87B25DF7C6F9CAE /* Foundation.framework in Frameworks */ = {isa = PBXBuildFile; fileRef = B6596F18A94CCC4825B180E5 /* Foundation.framework */; };
		22018DFA963D6504A052D6F7 /* AppConfig.swift in Sources */ = {isa = PBXBuildFile; fileRef = D5C091DBA2E9F7F99A7CEC74 /* AppConfig.swift */; };
		2B034DF177B1A9722F70AA32 /* AppBootstrapStore.swift in Sources */ = {isa = PBXBuildFile; fileRef = 0E372D5E7007C4504587AC97 /* AppBootstrapStore.swift */; };
		2B1B2AEB235890A35C05D444 /* UpdateRequiredView.swift in Sources */ = {isa = PBXBuildFile; fileRef = 7ED794228F17DCBE93DEBF6E /* UpdateRequiredView.swift */; };
		339E3970816E6F0B6884D089 /* SessionStore.swift in Sources */ = {isa = PBXBuildFile; fileRef = CD0B0CE6D394B3D1FF92BE65 /* SessionStore.swift */; };
		4015AF62BD6EAD68B9EA0AA0 /* APIClient.swift in Sources */ = {isa = PBXBuildFile; fileRef = A2D000F64548F8C1EA519F79 /* APIClient.swift */; };
		440F3E7EC1B56826B4F383BF /* AsiaTravelPlanApp.swift in Sources */ = {isa = PBXBuildFile; fileRef = 60B42246505A388E042AECBC /* AsiaTravelPlanApp.swift */; };
		5247A53C329A36295297CE13 /* StartupFailureView.swift in Sources */ = {isa = PBXBuildFile; fileRef = C7B441BB7BA80E1A1394F166 /* StartupFailureView.swift */; };
		6282BF8EECB5E0436B772A4D /* BookingsViewModel.swift in Sources */ = {isa = PBXBuildFile; fileRef = F045AAAC8CC5E75837C6A8C1 /* BookingsViewModel.swift */; };
		6C13E2ADF676184ABDECA1D3 /* RoleService.swift in Sources */ = {isa = PBXBuildFile; fileRef = 74F9168D1C38BA9EB16D652A /* RoleService.swift */; };
		6D88501EF318C457F49AF2C2 /* LoginViewModel.swift in Sources */ = {isa = PBXBuildFile; fileRef = 3E158E059C1CC2FC54AE5E38 /* LoginViewModel.swift */; };
		76A14DA153C6006A7D9EA781 /* JWTDecoder.swift in Sources */ = {isa = PBXBuildFile; fileRef = CA4F1B24D8D6EC17E53C164F /* JWTDecoder.swift */; };
		7BE7CB1693E3FFB80758B599 /* TokenStore.swift in Sources */ = {isa = PBXBuildFile; fileRef = 1D1654A07B8123B423266BB7 /* TokenStore.swift */; };
		92550637F20392ABDF578D89 /* UnauthorizedView.swift in Sources */ = {isa = PBXBuildFile; fileRef = A5CF69F5AECDB4348F313CA2 /* UnauthorizedView.swift */; };
		A881CE8DFB5A7ACD41480737 /* BookingDetailViewModel.swift in Sources */ = {isa = PBXBuildFile; fileRef = 2F08E8704B77986372792B9F /* BookingDetailViewModel.swift */; };
		B206195631B237AA4610101F /* AuthService.swift in Sources */ = {isa = PBXBuildFile; fileRef = 2E01C85FF240E1D95D828445 /* AuthService.swift */; };
		B5182B081531304D63C36545 /* RootView.swift in Sources */ = {isa = PBXBuildFile; fileRef = 404694A3DFC9E5FF05228A9D /* RootView.swift */; };
		B849738AF1CCB5754BA4AC21 /* SettingsView.swift in Sources */ = {isa = PBXBuildFile; fileRef = 3FBAB27BED5A102DC50F345D /* SettingsView.swift */; };
		BC0AE9B00497D6E0BD9B75DA /* UserProfile.swift in Sources */ = {isa = PBXBuildFile; fileRef = B745ABEFB5A756688035EEAE /* UserProfile.swift */; };
		CDA20BD5F6EA456BDD7BCF59 /* Assets.xcassets in Resources */ = {isa = PBXBuildFile; fileRef = C71CC98B04022D9A9EF6C2D2 /* Assets.xcassets */; };
		DDFBB2377221EBED1D085E27 /* AuthSession.swift in Sources */ = {isa = PBXBuildFile; fileRef = E7CD5ECF52C5CBA7D2AC9B77 /* AuthSession.swift */; };
		E30B9FF7027C73BADE84E817 /* LoginView.swift in Sources */ = {isa = PBXBuildFile; fileRef = 74DD1AD7347A24E8D20DF4CA /* LoginView.swift */; };
		E42904FECFFD0D29E6B48F63 /* MobileAPIRequestFactory.swift in Sources */ = {isa = PBXBuildFile; fileRef = BCCB9353DD880DDD446D4DF5 /* MobileAPIRequestFactory.swift */; };
		F3D2983E73A762CB702BFE8D /* MobileAPIModels.swift in Sources */ = {isa = PBXBuildFile; fileRef = 6E18938E237CEF2BC5090239 /* MobileAPIModels.swift */; };
/* End PBXBuildFile section */

/* Begin PBXFileReference section */
		0E372D5E7007C4504587AC97 /* AppBootstrapStore.swift */ = {isa = PBXFileReference; includeInIndex = 1; lastKnownFileType = sourcecode.swift; path = AppBootstrapStore.swift; sourceTree = "<group>"; };
		1D1654A07B8123B423266BB7 /* TokenStore.swift */ = {isa = PBXFileReference; includeInIndex = 1; lastKnownFileType = sourcecode.swift; path = TokenStore.swift; sourceTree = "<group>"; };
		2E01C85FF240E1D95D828445 /* AuthService.swift */ = {isa = PBXFileReference; includeInIndex = 1; lastKnownFileType = sourcecode.swift; path = AuthService.swift; sourceTree = "<group>"; };
		2F08E8704B77986372792B9F /* BookingDetailViewModel.swift */ = {isa = PBXFileReference; includeInIndex = 1; lastKnownFileType = sourcecode.swift; path = BookingDetailViewModel.swift; sourceTree = "<group>"; };
		3B9C3078AF749E1B18E2E15C /* AppShellView.swift */ = {isa = PBXFileReference; includeInIndex = 1; lastKnownFileType = sourcecode.swift; path = AppShellView.swift; sourceTree = "<group>"; };
		3E158E059C1CC2FC54AE5E38 /* LoginViewModel.swift */ = {isa = PBXFileReference; includeInIndex = 1; lastKnownFileType = sourcecode.swift; path = LoginViewModel.swift; sourceTree = "<group>"; };
		3FBAB27BED5A102DC50F345D /* SettingsView.swift */ = {isa = PBXFileReference; includeInIndex = 1; lastKnownFileType = sourcecode.swift; path = SettingsView.swift; sourceTree = "<group>"; };
		404694A3DFC9E5FF05228A9D /* RootView.swift */ = {isa = PBXFileReference; includeInIndex = 1; lastKnownFileType = sourcecode.swift; path = RootView.swift; sourceTree = "<group>"; };
		60B42246505A388E042AECBC /* AsiaTravelPlanApp.swift */ = {isa = PBXFileReference; includeInIndex = 1; lastKnownFileType = sourcecode.swift; path = AsiaTravelPlanApp.swift; sourceTree = "<group>"; };
		6E18938E237CEF2BC5090239 /* MobileAPIModels.swift */ = {isa = PBXFileReference; includeInIndex = 1; lastKnownFileType = sourcecode.swift; path = MobileAPIModels.swift; sourceTree = "<group>"; };
		74DD1AD7347A24E8D20DF4CA /* LoginView.swift */ = {isa = PBXFileReference; includeInIndex = 1; lastKnownFileType = sourcecode.swift; path = LoginView.swift; sourceTree = "<group>"; };
		74F9168D1C38BA9EB16D652A /* RoleService.swift */ = {isa = PBXFileReference; includeInIndex = 1; lastKnownFileType = sourcecode.swift; path = RoleService.swift; sourceTree = "<group>"; };
		7ED794228F17DCBE93DEBF6E /* UpdateRequiredView.swift */ = {isa = PBXFileReference; includeInIndex = 1; lastKnownFileType = sourcecode.swift; path = UpdateRequiredView.swift; sourceTree = "<group>"; };
		9C9223049A8FF4EA1CA776DA /* AsiaTravelPlan.app */ = {isa = PBXFileReference; explicitFileType = wrapper.application; includeInIndex = 0; path = AsiaTravelPlan.app; sourceTree = BUILT_PRODUCTS_DIR; };
		A2D000F64548F8C1EA519F79 /* APIClient.swift */ = {isa = PBXFileReference; includeInIndex = 1; lastKnownFileType = sourcecode.swift; path = APIClient.swift; sourceTree = "<group>"; };
		A5CF69F5AECDB4348F313CA2 /* UnauthorizedView.swift */ = {isa = PBXFileReference; includeInIndex = 1; lastKnownFileType = sourcecode.swift; path = UnauthorizedView.swift; sourceTree = "<group>"; };
		B6596F18A94CCC4825B180E5 /* Foundation.framework */ = {isa = PBXFileReference; lastKnownFileType = wrapper.framework; name = Foundation.framework; path = Platforms/iPhoneOS.platform/Developer/SDKs/iPhoneOS18.0.sdk/System/Library/Frameworks/Foundation.framework; sourceTree = DEVELOPER_DIR; };
		B745ABEFB5A756688035EEAE /* UserProfile.swift */ = {isa = PBXFileReference; includeInIndex = 1; lastKnownFileType = sourcecode.swift; path = UserProfile.swift; sourceTree = "<group>"; };
		BCCB9353DD880DDD446D4DF5 /* MobileAPIRequestFactory.swift */ = {isa = PBXFileReference; includeInIndex = 1; lastKnownFileType = sourcecode.swift; path = MobileAPIRequestFactory.swift; sourceTree = "<group>"; };
		C71CC98B04022D9A9EF6C2D2 /* Assets.xcassets */ = {isa = PBXFileReference; includeInIndex = 1; lastKnownFileType = folder.assetcatalog; path = Assets.xcassets; sourceTree = "<group>"; };
		C7B441BB7BA80E1A1394F166 /* StartupFailureView.swift */ = {isa = PBXFileReference; includeInIndex = 1; lastKnownFileType = sourcecode.swift; path = StartupFailureView.swift; sourceTree = "<group>"; };
		CA4F1B24D8D6EC17E53C164F /* JWTDecoder.swift */ = {isa = PBXFileReference; includeInIndex = 1; lastKnownFileType = sourcecode.swift; path = JWTDecoder.swift; sourceTree = "<group>"; };
		CD0B0CE6D394B3D1FF92BE65 /* SessionStore.swift */ = {isa = PBXFileReference; includeInIndex = 1; lastKnownFileType = sourcecode.swift; path = SessionStore.swift; sourceTree = "<group>"; };
		D2F497350C9D6985AF9AAFF4 /* BookingsListView.swift */ = {isa = PBXFileReference; includeInIndex = 1; lastKnownFileType = sourcecode.swift; path = BookingsListView.swift; sourceTree = "<group>"; };
		D36294932E777177A9AF9ABF /* BookingDetailView.swift */ = {isa = PBXFileReference; includeInIndex = 1; lastKnownFileType = sourcecode.swift; path = BookingDetailView.swift; sourceTree = "<group>"; };
		D5C091DBA2E9F7F99A7CEC74 /* AppConfig.swift */ = {isa = PBXFileReference; includeInIndex = 1; lastKnownFileType = sourcecode.swift; path = AppConfig.swift; sourceTree = "<group>"; };
		E7CD5ECF52C5CBA7D2AC9B77 /* AuthSession.swift */ = {isa = PBXFileReference; includeInIndex = 1; lastKnownFileType = sourcecode.swift; path = AuthSession.swift; sourceTree = "<group>"; };
		F045AAAC8CC5E75837C6A8C1 /* BookingsViewModel.swift */ = {isa = PBXFileReference; includeInIndex = 1; lastKnownFileType = sourcecode.swift; path = BookingsViewModel.swift; sourceTree = "<group>"; };
/* End PBXFileReference section */

/* Begin PBXFrameworksBuildPhase section */
		8F9EC3545C7FF7D191C2EAA0 /* Frameworks */ = {
			isa = PBXFrameworksBuildPhase;
			buildActionMask = 2147483647;
			files = (
				15E247FEC87B25DF7C6F9CAE /* Foundation.framework in Frameworks */,
			);
			runOnlyForDeploymentPostprocessing = 0;
		};
/* End PBXFrameworksBuildPhase section */

/* Begin PBXGroup section */
		371B30253D06D378D3AF36E4 /* Models */ = {
			isa = PBXGroup;
			children = (
				E7CD5ECF52C5CBA7D2AC9B77 /* AuthSession.swift */,
				B745ABEFB5A756688035EEAE /* UserProfile.swift */,
			);
			name = Models;
			path = Models;
			sourceTree = "<group>";
		};
		3E432AEF70508F1A051A16AB /* Services */ = {
			isa = PBXGroup;
			children = (
				A2D000F64548F8C1EA519F79 /* APIClient.swift */,
				0E372D5E7007C4504587AC97 /* AppBootstrapStore.swift */,
				2E01C85FF240E1D95D828445 /* AuthService.swift */,
				CA4F1B24D8D6EC17E53C164F /* JWTDecoder.swift */,
				74F9168D1C38BA9EB16D652A /* RoleService.swift */,
				CD0B0CE6D394B3D1FF92BE65 /* SessionStore.swift */,
				1D1654A07B8123B423266BB7 /* TokenStore.swift */,
			);
			name = Services;
			path = Services;
			sourceTree = "<group>";
		};
		5774677A51C2A03D2B84CE7B /* Resources */ = {
			isa = PBXGroup;
			children = (
				C71CC98B04022D9A9EF6C2D2 /* Assets.xcassets */,
			);
			name = Resources;
			path = Resources;
			sourceTree = "<group>";
		};
		6A87D52FAE10564A4678C82A /* AsiaTravelPlan */ = {
			isa = PBXGroup;
			children = (
				371B30253D06D378D3AF36E4 /* Models */,
				3E432AEF70508F1A051A16AB /* Services */,
				9840A9A61B8FC7E11A267AA2 /* ViewModels */,
				F00A3EFD8B70B08F08400262 /* Views */,
				5774677A51C2A03D2B84CE7B /* Resources */,
				6FBB15AF21C746114217F16E /* Generated */,
				D5C091DBA2E9F7F99A7CEC74 /* AppConfig.swift */,
				60B42246505A388E042AECBC /* AsiaTravelPlanApp.swift */,
			);
			name = AsiaTravelPlan;
			path = "";
			sourceTree = "<group>";
		};
		6FBB15AF21C746114217F16E /* Generated */ = {
			isa = PBXGroup;
			children = (
				6E18938E237CEF2BC5090239 /* MobileAPIModels.swift */,
				BCCB9353DD880DDD446D4DF5 /* MobileAPIRequestFactory.swift */,
			);
			name = Generated;
			path = Generated;
			sourceTree = "<group>";
		};
		9840A9A61B8FC7E11A267AA2 /* ViewModels */ = {
			isa = PBXGroup;
			children = (
				2F08E8704B77986372792B9F /* BookingDetailViewModel.swift */,
				F045AAAC8CC5E75837C6A8C1 /* BookingsViewModel.swift */,
				3E158E059C1CC2FC54AE5E38 /* LoginViewModel.swift */,
			);
			name = ViewModels;
			path = ViewModels;
			sourceTree = "<group>";
		};
		AA6BAF242A88CCEAE4E022C3 = {
			isa = PBXGroup;
			children = (
				6A87D52FAE10564A4678C82A /* AsiaTravelPlan */,
			);
			sourceTree = "<group>";
		};
		F00A3EFD8B70B08F08400262 /* Views */ = {
			isa = PBXGroup;
			children = (
				3B9C3078AF749E1B18E2E15C /* AppShellView.swift */,
				D36294932E777177A9AF9ABF /* BookingDetailView.swift */,
				D2F497350C9D6985AF9AAFF4 /* BookingsListView.swift */,
				74DD1AD7347A24E8D20DF4CA /* LoginView.swift */,
				404694A3DFC9E5FF05228A9D /* RootView.swift */,
				3FBAB27BED5A102DC50F345D /* SettingsView.swift */,
				C7B441BB7BA80E1A1394F166 /* StartupFailureView.swift */,
				A5CF69F5AECDB4348F313CA2 /* UnauthorizedView.swift */,
				7ED794228F17DCBE93DEBF6E /* UpdateRequiredView.swift */,
			);
			name = Views;
			path = Views;
			sourceTree = "<group>";
		};
/* End PBXGroup section */

/* Begin PBXNativeTarget section */
		B6FCAA37A436E8B5E87152AE /* AsiaTravelPlan */ = {
			isa = PBXNativeTarget;
			buildConfigurationList = 5C1ADA1AF496F9DB12660F4F /* Build configuration list for PBXNativeTarget "AsiaTravelPlan" */;
			buildPhases = (
				4408877BEECC747B879DE050 /* Sources */,
				8F9EC3545C7FF7D191C2EAA0 /* Frameworks */,
				48616720EE4B8E5974D9BFBB /* Resources */,
			);
			buildRules = (
			);
			dependencies = (
			);
			name = AsiaTravelPlan;
			productName = AsiaTravelPlan;
			productReference = 9C9223049A8FF4EA1CA776DA /* AsiaTravelPlan.app */;
			productType = "com.apple.product-type.application";
		};
/* End PBXNativeTarget section */

/* Begin PBXProject section */
		3EAA74631C7EF68695440CAA /* Project object */ = {
			isa = PBXProject;
			attributes = {
				LastSwiftUpdateCheck = 2600;
				LastUpgradeCheck = 2600;
			};
			buildConfigurationList = F47BE426393DBE79FA875B8B /* Build configuration list for PBXProject "AsiaTravelPlan" */;
			compatibilityVersion = "Xcode 3.2";
			developmentRegion = en;
			hasScannedForEncodings = 0;
			knownRegions = (
				en,
				Base,
			);
			mainGroup = AA6BAF242A88CCEAE4E022C3;
			minimizedProjectReferenceProxies = 0;
			preferredProjectObjectVersion = 77;
			projectDirPath = "";
			projectRoot = "";
			targets = (
				B6FCAA37A436E8B5E87152AE /* AsiaTravelPlan */,
			);
		};
/* End PBXProject section */

/* Begin PBXResourcesBuildPhase section */
		48616720EE4B8E5974D9BFBB /* Resources */ = {
			isa = PBXResourcesBuildPhase;
			buildActionMask = 2147483647;
			files = (
				CDA20BD5F6EA456BDD7BCF59 /* Assets.xcassets in Resources */,
			);
			runOnlyForDeploymentPostprocessing = 0;
		};
/* End PBXResourcesBuildPhase section */

/* Begin PBXSourcesBuildPhase section */
		4408877BEECC747B879DE050 /* Sources */ = {
			isa = PBXSourcesBuildPhase;
			buildActionMask = 2147483647;
			files = (
				22018DFA963D6504A052D6F7 /* AppConfig.swift in Sources */,
				440F3E7EC1B56826B4F383BF /* AsiaTravelPlanApp.swift in Sources */,
				DDFBB2377221EBED1D085E27 /* AuthSession.swift in Sources */,
				BC0AE9B00497D6E0BD9B75DA /* UserProfile.swift in Sources */,
				4015AF62BD6EAD68B9EA0AA0 /* APIClient.swift in Sources */,
				2B034DF177B1A9722F70AA32 /* AppBootstrapStore.swift in Sources */,
				B206195631B237AA4610101F /* AuthService.swift in Sources */,
				76A14DA153C6006A7D9EA781 /* JWTDecoder.swift in Sources */,
				6C13E2ADF676184ABDECA1D3 /* RoleService.swift in Sources */,
				339E3970816E6F0B6884D089 /* SessionStore.swift in Sources */,
				7BE7CB1693E3FFB80758B599 /* TokenStore.swift in Sources */,
				F3D2983E73A762CB702BFE8D /* MobileAPIModels.swift in Sources */,
				E42904FECFFD0D29E6B48F63 /* MobileAPIRequestFactory.swift in Sources */,
				A881CE8DFB5A7ACD41480737 /* BookingDetailViewModel.swift in Sources */,
				6282BF8EECB5E0436B772A4D /* BookingsViewModel.swift in Sources */,
				6D88501EF318C457F49AF2C2 /* LoginViewModel.swift in Sources */,
				014D30334DC634EAEEF56815 /* AppShellView.swift in Sources */,
				0AC202A06C0DB00FA238EC93 /* BookingDetailView.swift in Sources */,
				0409BDB01FA404B015C7F148 /* BookingsListView.swift in Sources */,
				E30B9FF7027C73BADE84E817 /* LoginView.swift in Sources */,
				B5182B081531304D63C36545 /* RootView.swift in Sources */,
				B849738AF1CCB5754BA4AC21 /* SettingsView.swift in Sources */,
				5247A53C329A36295297CE13 /* StartupFailureView.swift in Sources */,
				92550637F20392ABDF578D89 /* UnauthorizedView.swift in Sources */,
				2B1B2AEB235890A35C05D444 /* UpdateRequiredView.swift in Sources */,
			);
			runOnlyForDeploymentPostprocessing = 0;
		};
/* End PBXSourcesBuildPhase section */

/* Begin XCBuildConfiguration section */
		3397681D86FF348807A90223 /* Debug */ = {
			isa = XCBuildConfiguration;
			buildSettings = {
				ALWAYS_SEARCH_USER_PATHS = NO;
				CLANG_ANALYZER_NONNULL = YES;
				CLANG_ANALYZER_NUMBER_OBJECT_CONVERSION = YES_AGGRESSIVE;
				CLANG_CXX_LANGUAGE_STANDARD = "gnu++14";
				CLANG_CXX_LIBRARY = "libc++";
				CLANG_ENABLE_MODULES = YES;
				CLANG_ENABLE_OBJC_ARC = YES;
				CLANG_ENABLE_OBJC_WEAK = YES;
				CLANG_WARN_BLOCK_CAPTURE_AUTORELEASING = YES;
				CLANG_WARN_BOOL_CONVERSION = YES;
				CLANG_WARN_COMMA = YES;
				CLANG_WARN_CONSTANT_CONVERSION = YES;
				CLANG_WARN_DEPRECATED_OBJC_IMPLEMENTATIONS = YES;
				CLANG_WARN_DIRECT_OBJC_ISA_USAGE = YES_ERROR;
				CLANG_WARN_DOCUMENTATION_COMMENTS = YES;
				CLANG_WARN_EMPTY_BODY = YES;
				CLANG_WARN_ENUM_CONVERSION = YES;
				CLANG_WARN_INFINITE_RECURSION = YES;
				CLANG_WARN_INT_CONVERSION = YES;
				CLANG_WARN_NON_LITERAL_NULL_CONVERSION = YES;
				CLANG_WARN_OBJC_IMPLICIT_RETAIN_SELF = YES;
				CLANG_WARN_OBJC_LITERAL_CONVERSION = YES;
				CLANG_WARN_OBJC_ROOT_CLASS = YES_ERROR;
				CLANG_WARN_QUOTED_INCLUDE_IN_FRAMEWORK_HEADER = YES;
				CLANG_WARN_RANGE_LOOP_ANALYSIS = YES;
				CLANG_WARN_STRICT_PROTOTYPES = YES;
				CLANG_WARN_SUSPICIOUS_MOVE = YES;
				CLANG_WARN_UNGUARDED_AVAILABILITY = YES_AGGRESSIVE;
				CLANG_WARN_UNREACHABLE_CODE = YES;
				CLANG_WARN__DUPLICATE_METHOD_MATCH = YES;
				COPY_PHASE_STRIP = NO;
				DEBUG_INFORMATION_FORMAT = dwarf;
				ENABLE_STRICT_OBJC_MSGSEND = YES;
				ENABLE_TESTABILITY = YES;
				GCC_C_LANGUAGE_STANDARD = gnu11;
				GCC_DYNAMIC_NO_PIC = NO;
				GCC_NO_COMMON_BLOCKS = YES;
				GCC_OPTIMIZATION_LEVEL = 0;
				GCC_PREPROCESSOR_DEFINITIONS = (
					"DEBUG=1",
					"$(inherited)",
				);
				GCC_WARN_64_TO_32_BIT_CONVERSION = YES;
				GCC_WARN_ABOUT_RETURN_TYPE = YES_ERROR;
				GCC_WARN_UNDECLARED_SELECTOR = YES;
				GCC_WARN_UNINITIALIZED_AUTOS = YES_AGGRESSIVE;
				GCC_WARN_UNUSED_FUNCTION = YES;
				GCC_WARN_UNUSED_VARIABLE = YES;
				MTL_ENABLE_DEBUG_INFO = INCLUDE_SOURCE;
				MTL_FAST_MATH = YES;
				ONLY_ACTIVE_ARCH = YES;
				PRODUCT_NAME = "$(TARGET_NAME)";
				SWIFT_ACTIVE_COMPILATION_CONDITIONS = DEBUG;
				SWIFT_OPTIMIZATION_LEVEL = "-Onone";
				SWIFT_VERSION = 5.0;
			};
			name = Debug;
		};
		4ED945F810EE52C635D7EC88 /* Debug */ = {
			isa = XCBuildConfiguration;
			buildSettings = {
				ASSETCATALOG_COMPILER_APPICON_NAME = AppIcon;
				ASSETCATALOG_COMPILER_GLOBAL_ACCENT_COLOR_NAME = AccentColor;
				CLANG_ENABLE_OBJC_WEAK = NO;
				CODE_SIGN_STYLE = Automatic;
				CURRENT_PROJECT_VERSION = 1;
				DEVELOPMENT_ASSET_PATHS = "\"Resources/Assets.xcassets\"";
				ENABLE_PREVIEWS = YES;
				GENERATE_INFOPLIST_FILE = NO;
				INFOPLIST_FILE = Resources/Info.plist;
				IPHONEOS_DEPLOYMENT_TARGET = 17.0;
				LD_RUNPATH_SEARCH_PATHS = "$(inherited) @executable_path/Frameworks";
				MARKETING_VERSION = 1.0;
				PRODUCT_BUNDLE_IDENTIFIER = com.asiatravelplan.ios;
				PRODUCT_NAME = AsiaTravelPlan;
				SDKROOT = iphoneos;
				SWIFT_VERSION = 5.0;
				TARGETED_DEVICE_FAMILY = "1,2";
			};
			name = Debug;
		};
		576ABC293B3FC3269659ACBB /* Release */ = {
			isa = XCBuildConfiguration;
			buildSettings = {
				ASSETCATALOG_COMPILER_APPICON_NAME = AppIcon;
				ASSETCATALOG_COMPILER_GLOBAL_ACCENT_COLOR_NAME = AccentColor;
				CLANG_ENABLE_OBJC_WEAK = NO;
				CODE_SIGN_STYLE = Automatic;
				CURRENT_PROJECT_VERSION = 1;
				DEVELOPMENT_ASSET_PATHS = "\"Resources/Assets.xcassets\"";
				ENABLE_PREVIEWS = YES;
				GENERATE_INFOPLIST_FILE = NO;
				INFOPLIST_FILE = Resources/Info.plist;
				IPHONEOS_DEPLOYMENT_TARGET = 17.0;
				LD_RUNPATH_SEARCH_PATHS = "$(inherited) @executable_path/Frameworks";
				MARKETING_VERSION = 1.0;
				PRODUCT_BUNDLE_IDENTIFIER = com.asiatravelplan.ios;
				PRODUCT_NAME = AsiaTravelPlan;
				SDKROOT = iphoneos;
				SWIFT_VERSION = 5.0;
				TARGETED_DEVICE_FAMILY = "1,2";
				VALIDATE_PRODUCT = YES;
			};
			name = Release;
		};
		C87AF8BB2F4A2015D6C8944C /* Release */ = {
			isa = XCBuildConfiguration;
			buildSettings = {
				ALWAYS_SEARCH_USER_PATHS = NO;
				CLANG_ANALYZER_NONNULL = YES;
				CLANG_ANALYZER_NUMBER_OBJECT_CONVERSION = YES_AGGRESSIVE;
				CLANG_CXX_LANGUAGE_STANDARD = "gnu++14";
				CLANG_CXX_LIBRARY = "libc++";
				CLANG_ENABLE_MODULES = YES;
				CLANG_ENABLE_OBJC_ARC = YES;
				CLANG_ENABLE_OBJC_WEAK = YES;
				CLANG_WARN_BLOCK_CAPTURE_AUTORELEASING = YES;
				CLANG_WARN_BOOL_CONVERSION = YES;
				CLANG_WARN_COMMA = YES;
				CLANG_WARN_CONSTANT_CONVERSION = YES;
				CLANG_WARN_DEPRECATED_OBJC_IMPLEMENTATIONS = YES;
				CLANG_WARN_DIRECT_OBJC_ISA_USAGE = YES_ERROR;
				CLANG_WARN_DOCUMENTATION_COMMENTS = YES;
				CLANG_WARN_EMPTY_BODY = YES;
				CLANG_WARN_ENUM_CONVERSION = YES;
				CLANG_WARN_INFINITE_RECURSION = YES;
				CLANG_WARN_INT_CONVERSION = YES;
				CLANG_WARN_NON_LITERAL_NULL_CONVERSION = YES;
				CLANG_WARN_OBJC_IMPLICIT_RETAIN_SELF = YES;
				CLANG_WARN_OBJC_LITERAL_CONVERSION = YES;
				CLANG_WARN_OBJC_ROOT_CLASS = YES_ERROR;
				CLANG_WARN_QUOTED_INCLUDE_IN_FRAMEWORK_HEADER = YES;
				CLANG_WARN_RANGE_LOOP_ANALYSIS = YES;
				CLANG_WARN_STRICT_PROTOTYPES = YES;
				CLANG_WARN_SUSPICIOUS_MOVE = YES;
				CLANG_WARN_UNGUARDED_AVAILABILITY = YES_AGGRESSIVE;
				CLANG_WARN_UNREACHABLE_CODE = YES;
				CLANG_WARN__DUPLICATE_METHOD_MATCH = YES;
				COPY_PHASE_STRIP = NO;
				DEBUG_INFORMATION_FORMAT = "dwarf-with-dsym";
				ENABLE_NS_ASSERTIONS = NO;
				ENABLE_STRICT_OBJC_MSGSEND = YES;
				GCC_C_LANGUAGE_STANDARD = gnu11;
				GCC_NO_COMMON_BLOCKS = YES;
				GCC_WARN_64_TO_32_BIT_CONVERSION = YES;
				GCC_WARN_ABOUT_RETURN_TYPE = YES_ERROR;
				GCC_WARN_UNDECLARED_SELECTOR = YES;
				GCC_WARN_UNINITIALIZED_AUTOS = YES_AGGRESSIVE;
				GCC_WARN_UNUSED_FUNCTION = YES;
				GCC_WARN_UNUSED_VARIABLE = YES;
				MTL_ENABLE_DEBUG_INFO = NO;
				MTL_FAST_MATH = YES;
				PRODUCT_NAME = "$(TARGET_NAME)";
				SWIFT_COMPILATION_MODE = wholemodule;
				SWIFT_OPTIMIZATION_LEVEL = "-O";
				SWIFT_VERSION = 5.0;
			};
			name = Release;
		};
/* End XCBuildConfiguration section */

/* Begin XCConfigurationList section */
		5C1ADA1AF496F9DB12660F4F /* Build configuration list for PBXNativeTarget "AsiaTravelPlan" */ = {
			isa = XCConfigurationList;
			buildConfigurations = (
				576ABC293B3FC3269659ACBB /* Release */,
				4ED945F810EE52C635D7EC88 /* Debug */,
			);
			defaultConfigurationIsVisible = 0;
			defaultConfigurationName = Release;
		};
		F47BE426393DBE79FA875B8B /* Build configuration list for PBXProject "AsiaTravelPlan" */ = {
			isa = XCConfigurationList;
			buildConfigurations = (
				3397681D86FF348807A90223 /* Debug */,
				C87AF8BB2F4A2015D6C8944C /* Release */,
			);
			defaultConfigurationIsVisible = 0;
			defaultConfigurationName = Release;
		};
/* End XCConfigurationList section */
	};
	rootObject = 3EAA74631C7EF68695440CAA /* Project object */;
}
